
Microsoft Visual Studio Solution File, Format Version 12.00
# Visual Studio Version 17
VisualStudioVersion = 17.8.34004.107
MinimumVisualStudioVersion = 10.0.40219.1
Project("{FAE04EC0-301F-11D3-BF4B-00C04F79EFBC}") = "ArrayInDepth", "ArrayInDepth\ArrayInDepth.csproj", "{4EB3148E-AC4F-4B64-8F5B-232750FAD6F2}"
EndProject
Global
	GlobalSection(SolutionConfigurationPlatforms) = preSolution
		Debug|Any CPU = Debug|Any CPU
		Release|Any CPU = Release|Any CPU
	EndGlobalSection
	GlobalSection(ProjectConfigurationPlatforms) = postSolution
		{4EB3148E-AC4F-4B64-8F5B-232750FAD6F2}.Debug|Any CPU.ActiveCfg = Debug|Any CPU
		{4EB3148E-AC4F-4B64-8F5B-232750FAD6F2}.Debug|Any CPU.Build.0 = Debug|Any CPU
		{4EB3148E-AC4F-4B64-8F5B-232750FAD6F2}.Release|Any CPU.ActiveCfg = Release|Any CPU
		{4EB3148E-AC4F-4B64-8F5B-232750FAD6F2}.Release|Any CPU.Build.0 = Release|Any CPU
	EndGlobalSection
	GlobalSection(SolutionProperties) = preSolution
		HideSolutionNode = FALSE
	EndGlobalSection
	GlobalSection(ExtensibilityGlobals) = postSolution
		SolutionGuid = {C9F04367-D9B0-4F12-BCAE-E7B82ABCD86D}
	EndGlobalSection
EndGlobal
